
Microsoft Visual Studio Solution File, Format Version 10.00
# Visual Studio 2008
Project("{FAE04EC0-301F-11D3-BF4B-00C04F79EFBC}") = "Floorplanner.Web", "Floorplanner.Web\Floorplanner.Web.csproj", "{11415EF9-8462-42E3-8D6E-5C13C67E794E}"
EndProject
Project("{2150E333-8FDC-42A3-9474-1A3956D46DE8}") = "Code Style Enforcer", "Code Style Enforcer", "{43EF7848-A341-4E32-AACE-B6EC3E6405E4}"
	ProjectSection(SolutionItems) = preProject
		..\..\..\..\Program Files\Code Style Enforcer\CustomRules\ImplementationRules.xml = ..\..\..\..\Program Files\Code Style Enforcer\CustomRules\ImplementationRules.xml
		..\..\..\..\Program Files\Code Style Enforcer\CustomRules\NameRules.xml = ..\..\..\..\Program Files\Code Style Enforcer\CustomRules\NameRules.xml
		..\..\..\..\Program Files\Code Style Enforcer\CustomRules\VisibilityRules.xml = ..\..\..\..\Program Files\Code Style Enforcer\CustomRules\VisibilityRules.xml
	EndProjectSection
EndProject
Global
	GlobalSection(SubversionScc) = preSolution
		Svn-Managed = True
		Manager = AnkhSVN - Subversion Support for Visual Studio
	EndGlobalSection
	GlobalSection(SolutionConfigurationPlatforms) = preSolution
		Debug|Any CPU = Debug|Any CPU
		Release|Any CPU = Release|Any CPU
	EndGlobalSection
	GlobalSection(ProjectConfigurationPlatforms) = postSolution
		{11415EF9-8462-42E3-8D6E-5C13C67E794E}.Debug|Any CPU.ActiveCfg = Debug|Any CPU
		{11415EF9-8462-42E3-8D6E-5C13C67E794E}.Debug|Any CPU.Build.0 = Debug|Any CPU
		{11415EF9-8462-42E3-8D6E-5C13C67E794E}.Release|Any CPU.ActiveCfg = Release|Any CPU
		{11415EF9-8462-42E3-8D6E-5C13C67E794E}.Release|Any CPU.Build.0 = Release|Any CPU
	EndGlobalSection
	GlobalSection(SolutionProperties) = preSolution
		HideSolutionNode = FALSE
	EndGlobalSection
	GlobalSection(ExtensibilityGlobals) = postSolution
		CodeStyleEnforcer_Active = -1
		CodeStyleEnforcer_RulesLocation = 0
	EndGlobalSection
EndGlobal
